
Microsoft Visual Studio Solution File, Format Version 12.00
# Visual Studio Version 16
VisualStudioVersion = 16.0.31624.102
MinimumVisualStudioVersion = 10.0.40219.1
Project("{FAE04EC0-301F-11D3-BF4B-00C04F79EFBC}") = "MovieTicketBooking", "MovieTicketBooking.csproj", "{828D63D5-BB24-444D-980A-B35205C13B4A}"
EndProject
Global
	GlobalSection(SolutionConfigurationPlatforms) = preSolution
		Debug|Any CPU = Debug|Any CPU
		Release|Any CPU = Release|Any CPU
	EndGlobalSection
	GlobalSection(ProjectConfigurationPlatforms) = postSolution
		{828D63D5-BB24-444D-980A-B35205C13B4A}.Debug|Any CPU.ActiveCfg = Debug|Any CPU
		{828D63D5-BB24-444D-980A-B35205C13B4A}.Debug|Any CPU.Build.0 = Debug|Any CPU
		{828D63D5-BB24-444D-980A-B35205C13B4A}.Release|Any CPU.ActiveCfg = Release|Any CPU
		{828D63D5-BB24-444D-980A-B35205C13B4A}.Release|Any CPU.Build.0 = Release|Any CPU
	EndGlobalSection
	GlobalSection(SolutionProperties) = preSolution
		HideSolutionNode = FALSE
	EndGlobalSection
	GlobalSection(ExtensibilityGlobals) = postSolution
		SolutionGuid = {DB0768E9-1D30-47D5-A154-847F03CF827F}
	EndGlobalSection
EndGlobal
